
Microsoft Visual Studio Solution File, Format Version 12.00
# Visual Studio Version 17
VisualStudioVersion = 17.0.31903.59
MinimumVisualStudioVersion = 10.0.40219.1
Project("{FAE04EC0-301F-11D3-BF4B-00C04F79EFBC}") = "StockOrders.Domain", "StockOrders.Domain\StockOrders.Domain.csproj", "{D1C67B47-E9D5-4D8B-A70F-AFE8F506AB41}"
EndProject
Project("{FAE04EC0-301F-11D3-BF4B-00C04F79EFBC}") = "StockOrders.Application", "StockOrders.Application\StockOrders.Application.csproj", "{8097BBB8-2D9E-4286-8F3A-60F2F32EF7C0}"
EndProject
Project("{FAE04EC0-301F-11D3-BF4B-00C04F79EFBC}") = "StockOrders.Infrastructure", "StockOrders.Infrastructure\StockOrders.Infrastructure.csproj", "{6088BFEE-D902-4AE5-A13B-DC052DB7835F}"
EndProject
Project("{FAE04EC0-301F-11D3-BF4B-00C04F79EFBC}") = "StockOrders.Api", "StockOrders.Api\StockOrders.Api.csproj", "{1E7DFCC8-FF72-4C2F-91D1-7681B9BE7A21}"
EndProject
Project("{FAE04EC0-301F-11D3-BF4B-00C04F79EFBC}") = "StockOrders.Application.Tests", "..\tests\StockOrders.Application.Tests\StockOrders.Application.Tests.csproj", "{D8A6813D-9BD6-415F-96BC-0ED0284965AB}"
EndProject
Global
	GlobalSection(SolutionConfigurationPlatforms) = preSolution
		Debug|Any CPU = Debug|Any CPU
		Debug|x64 = Debug|x64
		Debug|x86 = Debug|x86
		Release|Any CPU = Release|Any CPU
		Release|x64 = Release|x64
		Release|x86 = Release|x86
	EndGlobalSection
	GlobalSection(ProjectConfigurationPlatforms) = postSolution
		{D1C67B47-E9D5-4D8B-A70F-AFE8F506AB41}.Debug|Any CPU.ActiveCfg = Debug|Any CPU
		{D1C67B47-E9D5-4D8B-A70F-AFE8F506AB41}.Debug|Any CPU.Build.0 = Debug|Any CPU
		{D1C67B47-E9D5-4D8B-A70F-AFE8F506AB41}.Debug|x64.ActiveCfg = Debug|Any CPU
		{D1C67B47-E9D5-4D8B-A70F-AFE8F506AB41}.Debug|x64.Build.0 = Debug|Any CPU
		{D1C67B47-E9D5-4D8B-A70F-AFE8F506AB41}.Debug|x86.ActiveCfg = Debug|Any CPU
		{D1C67B47-E9D5-4D8B-A70F-AFE8F506AB41}.Debug|x86.Build.0 = Debug|Any CPU
		{D1C67B47-E9D5-4D8B-A70F-AFE8F506AB41}.Release|Any CPU.ActiveCfg = Release|Any CPU
		{D1C67B47-E9D5-4D8B-A70F-AFE8F506AB41}.Release|Any CPU.Build.0 = Release|Any CPU
		{D1C67B47-E9D5-4D8B-A70F-AFE8F506AB41}.Release|x64.ActiveCfg = Release|Any CPU
		{D1C67B47-E9D5-4D8B-A70F-AFE8F506AB41}.Release|x64.Build.0 = Release|Any CPU
		{D1C67B47-E9D5-4D8B-A70F-AFE8F506AB41}.Release|x86.ActiveCfg = Release|Any CPU
		{D1C67B47-E9D5-4D8B-A70F-AFE8F506AB41}.Release|x86.Build.0 = Release|Any CPU
		{8097BBB8-2D9E-4286-8F3A-60F2F32EF7C0}.Debug|Any CPU.ActiveCfg = Debug|Any CPU
		{8097BBB8-2D9E-4286-8F3A-60F2F32EF7C0}.Debug|Any CPU.Build.0 = Debug|Any CPU
		{8097BBB8-2D9E-4286-8F3A-60F2F32EF7C0}.Debug|x64.ActiveCfg = Debug|Any CPU
		{8097BBB8-2D9E-4286-8F3A-60F2F32EF7C0}.Debug|x64.Build.0 = Debug|Any CPU
		{8097BBB8-2D9E-4286-8F3A-60F2F32EF7C0}.Debug|x86.ActiveCfg = Debug|Any CPU
		{8097BBB8-2D9E-4286-8F3A-60F2F32EF7C0}.Debug|x86.Build.0 = Debug|Any CPU
		{8097BBB8-2D9E-4286-8F3A-60F2F32EF7C0}.Release|Any CPU.ActiveCfg = Release|Any CPU
		{8097BBB8-2D9E-4286-8F3A-60F2F32EF7C0}.Release|Any CPU.Build.0 = Release|Any CPU
		{8097BBB8-2D9E-4286-8F3A-60F2F32EF7C0}.Release|x64.ActiveCfg = Release|Any CPU
		{8097BBB8-2D9E-4286-8F3A-60F2F32EF7C0}.Release|x64.Build.0 = Release|Any CPU
		{8097BBB8-2D9E-4286-8F3A-60F2F32EF7C0}.Release|x86.ActiveCfg = Release|Any CPU
		{8097BBB8-2D9E-4286-8F3A-60F2F32EF7C0}.Release|x86.Build.0 = Release|Any CPU
		{6088BFEE-D902-4AE5-A13B-DC052DB7835F}.Debug|Any CPU.ActiveCfg = Debug|Any CPU
		{6088BFEE-D902-4AE5-A13B-DC052DB7835F}.Debug|Any CPU.Build.0 = Debug|Any CPU
		{6088BFEE-D902-4AE5-A13B-DC052DB7835F}.Debug|x64.ActiveCfg = Debug|Any CPU
		{6088BFEE-D902-4AE5-A13B-DC052DB7835F}.Debug|x64.Build.0 = Debug|Any CPU
		{6088BFEE-D902-4AE5-A13B-DC052DB7835F}.Debug|x86.ActiveCfg = Debug|Any CPU
		{6088BFEE-D902-4AE5-A13B-DC052DB7835F}.Debug|x86.Build.0 = Debug|Any CPU
		{6088BFEE-D902-4AE5-A13B-DC052DB7835F}.Release|Any CPU.ActiveCfg = Release|Any CPU
		{6088BFEE-D902-4AE5-A13B-DC052DB7835F}.Release|Any CPU.Build.0 = Release|Any CPU
		{6088BFEE-D902-4AE5-A13B-DC052DB7835F}.Release|x64.ActiveCfg = Release|Any CPU
		{6088BFEE-D902-4AE5-A13B-DC052DB7835F}.Release|x64.Build.0 = Release|Any CPU
		{6088BFEE-D902-4AE5-A13B-DC052DB7835F}.Release|x86.ActiveCfg = Release|Any CPU
		{6088BFEE-D902-4AE5-A13B-DC052DB7835F}.Release|x86.Build.0 = Release|Any CPU
		{1E7DFCC8-FF72-4C2F-91D1-7681B9BE7A21}.Debug|Any CPU.ActiveCfg = Debug|Any CPU
		{1E7DFCC8-FF72-4C2F-91D1-7681B9BE7A21}.Debug|Any CPU.Build.0 = Debug|Any CPU
		{1E7DFCC8-FF72-4C2F-91D1-7681B9BE7A21}.Debug|x64.ActiveCfg = Debug|Any CPU
		{1E7DFCC8-FF72-4C2F-91D1-7681B9BE7A21}.Debug|x64.Build.0 = Debug|Any CPU
		{1E7DFCC8-FF72-4C2F-91D1-7681B9BE7A21}.Debug|x86.ActiveCfg = Debug|Any CPU
		{1E7DFCC8-FF72-4C2F-91D1-7681B9BE7A21}.Debug|x86.Build.0 = Debug|Any CPU
		{1E7DFCC8-FF72-4C2F-91D1-7681B9BE7A21}.Release|Any CPU.ActiveCfg = Release|Any CPU
		{1E7DFCC8-FF72-4C2F-91D1-7681B9BE7A21}.Release|Any CPU.Build.0 = Release|Any CPU
		{1E7DFCC8-FF72-4C2F-91D1-7681B9BE7A21}.Release|x64.ActiveCfg = Release|Any CPU
		{1E7DFCC8-FF72-4C2F-91D1-7681B9BE7A21}.Release|x64.Build.0 = Release|Any CPU
		{1E7DFCC8-FF72-4C2F-91D1-7681B9BE7A21}.Release|x86.ActiveCfg = Release|Any CPU
		{1E7DFCC8-FF72-4C2F-91D1-7681B9BE7A21}.Release|x86.Build.0 = Release|Any CPU
		{D8A6813D-9BD6-415F-96BC-0ED0284965AB}.Debug|Any CPU.ActiveCfg = Debug|Any CPU
		{D8A6813D-9BD6-415F-96BC-0ED0284965AB}.Debug|Any CPU.Build.0 = Debug|Any CPU
		{D8A6813D-9BD6-415F-96BC-0ED0284965AB}.Debug|x64.ActiveCfg = Debug|Any CPU
		{D8A6813D-9BD6-415F-96BC-0ED0284965AB}.Debug|x64.Build.0 = Debug|Any CPU
		{D8A6813D-9BD6-415F-96BC-0ED0284965AB}.Debug|x86.ActiveCfg = Debug|Any CPU
		{D8A6813D-9BD6-415F-96BC-0ED0284965AB}.Debug|x86.Build.0 = Debug|Any CPU
		{D8A6813D-9BD6-415F-96BC-0ED0284965AB}.Release|Any CPU.ActiveCfg = Release|Any CPU
		{D8A6813D-9BD6-415F-96BC-0ED0284965AB}.Release|Any CPU.Build.0 = Release|Any CPU
		{D8A6813D-9BD6-415F-96BC-0ED0284965AB}.Release|x64.ActiveCfg = Release|Any CPU
		{D8A6813D-9BD6-415F-96BC-0ED0284965AB}.Release|x64.Build.0 = Release|Any CPU
		{D8A6813D-9BD6-415F-96BC-0ED0284965AB}.Release|x86.ActiveCfg = Release|Any CPU
		{D8A6813D-9BD6-415F-96BC-0ED0284965AB}.Release|x86.Build.0 = Release|Any CPU
	EndGlobalSection
	GlobalSection(SolutionProperties) = preSolution
		HideSolutionNode = FALSE
	EndGlobalSection
EndGlobal
